
Microsoft Visual Studio Solution File, Format Version 12.00
# Visual Studio 15
VisualStudioVersion = 15.0.28307.329
MinimumVisualStudioVersion = 10.0.40219.1
Project("{FAE04EC0-301F-11D3-BF4B-00C04F79EFBC}") = "BikeDeals", "BikeDeals\BikeDeals.csproj", "{815CEE65-496D-4102-B0F9-BB21CE480909}"
EndProject
Global
	GlobalSection(SolutionConfigurationPlatforms) = preSolution
		Debug|Any CPU = Debug|Any CPU
		Release|Any CPU = Release|Any CPU
	EndGlobalSection
	GlobalSection(ProjectConfigurationPlatforms) = postSolution
		{815CEE65-496D-4102-B0F9-BB21CE480909}.Debug|Any CPU.ActiveCfg = Debug|Any CPU
		{815CEE65-496D-4102-B0F9-BB21CE480909}.Debug|Any CPU.Build.0 = Debug|Any CPU
		{815CEE65-496D-4102-B0F9-BB21CE480909}.Release|Any CPU.ActiveCfg = Release|Any CPU
		{815CEE65-496D-4102-B0F9-BB21CE480909}.Release|Any CPU.Build.0 = Release|Any CPU
	EndGlobalSection
	GlobalSection(SolutionProperties) = preSolution
		HideSolutionNode = FALSE
	EndGlobalSection
	GlobalSection(ExtensibilityGlobals) = postSolution
		SolutionGuid = {F58885BA-12D9-4F8A-AADA-52578FA4AA71}
	EndGlobalSection
EndGlobal
